
Microsoft Visual Studio Solution File, Format Version 12.00
# Visual Studio 15
VisualStudioVersion = 15.0.27428.2037
MinimumVisualStudioVersion = 10.0.40219.1
Project("{FAE04EC0-301F-11D3-BF4B-00C04F79EFBC}") = "Lab6", "Lab6\Lab6.csproj", "{1DB104A6-B03E-4ACB-B6F9-07628DA3FD6E}"
EndProject
Global
	GlobalSection(SolutionConfigurationPlatforms) = preSolution
		Debug|Any CPU = Debug|Any CPU
		Release|Any CPU = Release|Any CPU
	EndGlobalSection
	GlobalSection(ProjectConfigurationPlatforms) = postSolution
		{1DB104A6-B03E-4ACB-B6F9-07628DA3FD6E}.Debug|Any CPU.ActiveCfg = Debug|Any CPU
		{1DB104A6-B03E-4ACB-B6F9-07628DA3FD6E}.Debug|Any CPU.Build.0 = Debug|Any CPU
		{1DB104A6-B03E-4ACB-B6F9-07628DA3FD6E}.Release|Any CPU.ActiveCfg = Release|Any CPU
		{1DB104A6-B03E-4ACB-B6F9-07628DA3FD6E}.Release|Any CPU.Build.0 = Release|Any CPU
	EndGlobalSection
	GlobalSection(SolutionProperties) = preSolution
		HideSolutionNode = FALSE
	EndGlobalSection
	GlobalSection(ExtensibilityGlobals) = postSolution
		SolutionGuid = {FD3505C4-0A89-4DED-A927-6A63DF1C817B}
	EndGlobalSection
EndGlobal
